// !$*UTF8*$!
{
	archiveVersion = 1;
	classes = {
	};
	objectVersion = 46;
	objects = {

/* Begin PBXBuildFile section */
		BB55CFFC1A17D63B00345C9C /* Request.swift in Sources */ = {isa = PBXBuildFile; fileRef = BB55CFF91A17D63B00345C9C /* Request.swift */; };
		BB55CFFD1A17D63B00345C9C /* TrancendModel.swift in Sources */ = {isa = PBXBuildFile; fileRef = BB55CFFA1A17D63B00345C9C /* TrancendModel.swift */; };
		BB55CFFE1A17D63B00345C9C /* Transcend.swift in Sources */ = {isa = PBXBuildFile; fileRef = BB55CFFB1A17D63B00345C9C /* Transcend.swift */; };
		BBE78B0B1A170B0A00725475 /* Transcend.h in Headers */ = {isa = PBXBuildFile; fileRef = BBE78B0A1A170B0A00725475 /* Transcend.h */; settings = {ATTRIBUTES = (Public, ); }; };
		BBE78B111A170B0A00725475 /* Transcend.framework in Frameworks */ = {isa = PBXBuildFile; fileRef = BBE78B051A170B0A00725475 /* Transcend.framework */; };
		BBE78B181A170B0A00725475 /* TranscendTests.swift in Sources */ = {isa = PBXBuildFile; fileRef = BBE78B171A170B0A00725475 /* TranscendTests.swift */; };
/* End PBXBuildFile section */

/* Begin PBXContainerItemProxy section */
		BBE78B121A170B0A00725475 /* PBXContainerItemProxy */ = {
			isa = PBXContainerItemProxy;
			containerPortal = BBE78AFC1A170B0A00725475 /* Project object */;
			proxyType = 1;
			remoteGlobalIDString = BBE78B041A170B0A00725475;
			remoteInfo = Transcend;
		};
/* End PBXContainerItemProxy section */

/* Begin PBXFileReference section */
		BB55CFF91A17D63B00345C9C /* Request.swift */ = {isa = PBXFileReference; fileEncoding = 4; lastKnownFileType = sourcecode.swift; path = Request.swift; sourceTree = "<group>"; };
		BB55CFFA1A17D63B00345C9C /* TrancendModel.swift */ = {isa = PBXFileReference; fileEncoding = 4; lastKnownFileType = sourcecode.swift; path = TrancendModel.swift; sourceTree = "<group>"; };
		BB55CFFB1A17D63B00345C9C /* Transcend.swift */ = {isa = PBXFileReference; fileEncoding = 4; lastKnownFileType = sourcecode.swift; path = Transcend.swift; sourceTree = "<group>"; };
		BBE78B051A170B0A00725475 /* Transcend.framework */ = {isa = PBXFileReference; explicitFileType = wrapper.framework; includeInIndex = 0; path = Transcend.framework; sourceTree = BUILT_PRODUCTS_DIR; };
		BBE78B091A170B0A00725475 /* Info.plist */ = {isa = PBXFileReference; lastKnownFileType = text.plist.xml; path = Info.plist; sourceTree = "<group>"; };
		BBE78B0A1A170B0A00725475 /* Transcend.h */ = {isa = PBXFileReference; lastKnownFileType = sourcecode.c.h; path = Transcend.h; sourceTree = "<group>"; };
		BBE78B101A170B0A00725475 /* TranscendTests.xctest */ = {isa = PBXFileReference; explicitFileType = wrapper.cfbundle; includeInIndex = 0; path = TranscendTests.xctest; sourceTree = BUILT_PRODUCTS_DIR; };
		BBE78B161A170B0A00725475 /* Info.plist */ = {isa = PBXFileReference; lastKnownFileType = text.plist.xml; path = Info.plist; sourceTree = "<group>"; };
		BBE78B171A170B0A00725475 /* TranscendTests.swift */ = {isa = PBXFileReference; lastKnownFileType = sourcecode.swift; path = TranscendTests.swift; sourceTree = "<group>"; };
/* End PBXFileReference section */

/* Begin PBXFrameworksBuildPhase section */
		BBE78B011A170B0A00725475 /* Frameworks */ = {
			isa = PBXFrameworksBuildPhase;
			buildActionMask = 2147483647;
			files = (
			);
			runOnlyForDeploymentPostprocessing = 0;
		};
		BBE78B0D1A170B0A00725475 /* Frameworks */ = {
			isa = PBXFrameworksBuildPhase;
			buildActionMask = 2147483647;
			files = (
				BBE78B111A170B0A00725475 /* Transcend.framework in Frameworks */,
			);
			runOnlyForDeploymentPostprocessing = 0;
		};
/* End PBXFrameworksBuildPhase section */

/* Begin PBXGroup section */
		BB55CFF61A17D63B00345C9C /* Core */ = {
			isa = PBXGroup;
			children = (
				BB55CFF71A17D63B00345C9C /* Extensions */,
				BB55CFFA1A17D63B00345C9C /* TrancendModel.swift */,
				BB55CFFB1A17D63B00345C9C /* Transcend.swift */,
			);
			path = Core;
			sourceTree = "<group>";
		};
		BB55CFF71A17D63B00345C9C /* Extensions */ = {
			isa = PBXGroup;
			children = (
				BB55CFF81A17D63B00345C9C /* Alamofire */,
			);
			path = Extensions;
			sourceTree = "<group>";
		};
		BB55CFF81A17D63B00345C9C /* Alamofire */ = {
			isa = PBXGroup;
			children = (
				BB55CFF91A17D63B00345C9C /* Request.swift */,
			);
			path = Alamofire;
			sourceTree = "<group>";
		};
		BBE78AFB1A170B0A00725475 = {
			isa = PBXGroup;
			children = (
				BBE78B071A170B0A00725475 /* Transcend */,
				BBE78B141A170B0A00725475 /* TranscendTests */,
				BBE78B061A170B0A00725475 /* Products */,
			);
			sourceTree = "<group>";
		};
		BBE78B061A170B0A00725475 /* Products */ = {
			isa = PBXGroup;
			children = (
				BBE78B051A170B0A00725475 /* Transcend.framework */,
				BBE78B101A170B0A00725475 /* TranscendTests.xctest */,
			);
			name = Products;
			sourceTree = "<group>";
		};
		BBE78B071A170B0A00725475 /* Transcend */ = {
			isa = PBXGroup;
			children = (
				BB55CFF61A17D63B00345C9C /* Core */,
				BBE78B0A1A170B0A00725475 /* Transcend.h */,
				BBE78B081A170B0A00725475 /* Supporting Files */,
			);
			path = Transcend;
			sourceTree = "<group>";
		};
		BBE78B081A170B0A00725475 /* Supporting Files */ = {
			isa = PBXGroup;
			children = (
				BBE78B091A170B0A00725475 /* Info.plist */,
			);
			name = "Supporting Files";
			sourceTree = "<group>";
		};
		BBE78B141A170B0A00725475 /* TranscendTests */ = {
			isa = PBXGroup;
			children = (
				BBE78B171A170B0A00725475 /* TranscendTests.swift */,
				BBE78B151A170B0A00725475 /* Supporting Files */,
			);
			path = TranscendTests;
			sourceTree = "<group>";
		};
		BBE78B151A170B0A00725475 /* Supporting Files */ = {
			isa = PBXGroup;
			children = (
				BBE78B161A170B0A00725475 /* Info.plist */,
			);
			name = "Supporting Files";
			sourceTree = "<group>";
		};
/* End PBXGroup section */

/* Begin PBXHeadersBuildPhase section */
		BBE78B021A170B0A00725475 /* Headers */ = {
			isa = PBXHeadersBuildPhase;
			buildActionMask = 2147483647;
			files = (
				BBE78B0B1A170B0A00725475 /* Transcend.h in Headers */,
			);
			runOnlyForDeploymentPostprocessing = 0;
		};
/* End PBXHeadersBuildPhase section */

/* Begin PBXNativeTarget section */
		BBE78B041A170B0A00725475 /* Transcend */ = {
			isa = PBXNativeTarget;
			buildConfigurationList = BBE78B1B1A170B0A00725475 /* Build configuration list for PBXNativeTarget "Transcend" */;
			buildPhases = (
				BBE78B001A170B0A00725475 /* Sources */,
				BBE78B011A170B0A00725475 /* Frameworks */,
				BBE78B021A170B0A00725475 /* Headers */,
				BBE78B031A170B0A00725475 /* Resources */,
			);
			buildRules = (
			);
			dependencies = (
			);
			name = Transcend;
			productName = Transcend;
			productReference = BBE78B051A170B0A00725475 /* Transcend.framework */;
			productType = "com.apple.product-type.framework";
		};
		BBE78B0F1A170B0A00725475 /* TranscendTests */ = {
			isa = PBXNativeTarget;
			buildConfigurationList = BBE78B1E1A170B0A00725475 /* Build configuration list for PBXNativeTarget "TranscendTests" */;
			buildPhases = (
				BBE78B0C1A170B0A00725475 /* Sources */,
				BBE78B0D1A170B0A00725475 /* Frameworks */,
				BBE78B0E1A170B0A00725475 /* Resources */,
			);
			buildRules = (
			);
			dependencies = (
				BBE78B131A170B0A00725475 /* PBXTargetDependency */,
			);
			name = TranscendTests;
			productName = TranscendTests;
			productReference = BBE78B101A170B0A00725475 /* TranscendTests.xctest */;
			productType = "com.apple.product-type.bundle.unit-test";
		};
/* End PBXNativeTarget section */

/* Begin PBXProject section */
		BBE78AFC1A170B0A00725475 /* Project object */ = {
			isa = PBXProject;
			attributes = {
				LastUpgradeCheck = 0610;
				ORGANIZATIONNAME = "Nematix System";
				TargetAttributes = {
					BBE78B041A170B0A00725475 = {
						CreatedOnToolsVersion = 6.1;
					};
					BBE78B0F1A170B0A00725475 = {
						CreatedOnToolsVersion = 6.1;
					};
				};
			};
			buildConfigurationList = BBE78AFF1A170B0A00725475 /* Build configuration list for PBXProject "Transcend" */;
			compatibilityVersion = "Xcode 3.2";
			developmentRegion = English;
			hasScannedForEncodings = 0;
			knownRegions = (
				en,
			);
			mainGroup = BBE78AFB1A170B0A00725475;
			productRefGroup = BBE78B061A170B0A00725475 /* Products */;
			projectDirPath = "";
			projectRoot = "";
			targets = (
				BBE78B041A170B0A00725475 /* Transcend */,
				BBE78B0F1A170B0A00725475 /* TranscendTests */,
			);
		};
/* End PBXProject section */

/* Begin PBXResourcesBuildPhase section */
		BBE78B031A170B0A00725475 /* Resources */ = {
			isa = PBXResourcesBuildPhase;
			buildActionMask = 2147483647;
			files = (
			);
			runOnlyForDeploymentPostprocessing = 0;
		};
		BBE78B0E1A170B0A00725475 /* Resources */ = {
			isa = PBXResourcesBuildPhase;
			buildActionMask = 2147483647;
			files = (
			);
			runOnlyForDeploymentPostprocessing = 0;
		};
/* End PBXResourcesBuildPhase section */

/* Begin PBXSourcesBuildPhase section */
		BBE78B001A170B0A00725475 /* Sources */ = {
			isa = PBXSourcesBuildPhase;
			buildActionMask = 2147483647;
			files = (
				BB55CFFD1A17D63B00345C9C /* TrancendModel.swift in Sources */,
				BB55CFFC1A17D63B00345C9C /* Request.swift in Sources */,
				BB55CFFE1A17D63B00345C9C /* Transcend.swift in Sources */,
			);
			runOnlyForDeploymentPostprocessing = 0;
		};
		BBE78B0C1A170B0A00725475 /* Sources */ = {
			isa = PBXSourcesBuildPhase;
			buildActionMask = 2147483647;
			files = (
				BBE78B181A170B0A00725475 /* TranscendTests.swift in Sources */,
			);
			runOnlyForDeploymentPostprocessing = 0;
		};
/* End PBXSourcesBuildPhase section */

/* Begin PBXTargetDependency section */
		BBE78B131A170B0A00725475 /* PBXTargetDependency */ = {
			isa = PBXTargetDependency;
			target = BBE78B041A170B0A00725475 /* Transcend */;
			targetProxy = BBE78B121A170B0A00725475 /* PBXContainerItemProxy */;
		};
/* End PBXTargetDependency section */

/* Begin XCBuildConfiguration section */
		BBE78B191A170B0A00725475 /* Debug */ = {
			isa = XCBuildConfiguration;
			buildSettings = {
				ALWAYS_SEARCH_USER_PATHS = NO;
				CLANG_CXX_LANGUAGE_STANDARD = "gnu++0x";
				CLANG_CXX_LIBRARY = "libc++";
				CLANG_ENABLE_MODULES = YES;
				CLANG_ENABLE_OBJC_ARC = YES;
				CLANG_WARN_BOOL_CONVERSION = YES;
				CLANG_WARN_CONSTANT_CONVERSION = YES;
				CLANG_WARN_DIRECT_OBJC_ISA_USAGE = YES_ERROR;
				CLANG_WARN_EMPTY_BODY = YES;
				CLANG_WARN_ENUM_CONVERSION = YES;
				CLANG_WARN_INT_CONVERSION = YES;
				CLANG_WARN_OBJC_ROOT_CLASS = YES_ERROR;
				CLANG_WARN_UNREACHABLE_CODE = YES;
				CLANG_WARN__DUPLICATE_METHOD_MATCH = YES;
				"CODE_SIGN_IDENTITY[sdk=iphoneos*]" = "iPhone Developer";
				COPY_PHASE_STRIP = NO;
				CURRENT_PROJECT_VERSION = 1;
				ENABLE_STRICT_OBJC_MSGSEND = YES;
				GCC_C_LANGUAGE_STANDARD = gnu99;
				GCC_DYNAMIC_NO_PIC = NO;
				GCC_OPTIMIZATION_LEVEL = 0;
				GCC_PREPROCESSOR_DEFINITIONS = (
					"DEBUG=1",
					"$(inherited)",
				);
				GCC_SYMBOLS_PRIVATE_EXTERN = NO;
				GCC_WARN_64_TO_32_BIT_CONVERSION = YES;
				GCC_WARN_ABOUT_RETURN_TYPE = YES_ERROR;
				GCC_WARN_UNDECLARED_SELECTOR = YES;
				GCC_WARN_UNINITIALIZED_AUTOS = YES_AGGRESSIVE;
				GCC_WARN_UNUSED_FUNCTION = YES;
				GCC_WARN_UNUSED_VARIABLE = YES;
				IPHONEOS_DEPLOYMENT_TARGET = 8.1;
				MTL_ENABLE_DEBUG_INFO = YES;
				ONLY_ACTIVE_ARCH = YES;
				SDKROOT = iphoneos;
				SWIFT_OPTIMIZATION_LEVEL = "-Onone";
				TARGETED_DEVICE_FAMILY = "1,2";
				VERSIONING_SYSTEM = "apple-generic";
				VERSION_INFO_PREFIX = "";
			};
			name = Debug;
		};
		BBE78B1A1A170B0A00725475 /* Release */ = {
			isa = XCBuildConfiguration;
			buildSettings = {
				ALWAYS_SEARCH_USER_PATHS = NO;
				CLANG_CXX_LANGUAGE_STANDARD = "gnu++0x";
				CLANG_CXX_LIBRARY = "libc++";
				CLANG_ENABLE_MODULES = YES;
				CLANG_ENABLE_OBJC_ARC = YES;
				CLANG_WARN_BOOL_CONVERSION = YES;
				CLANG_WARN_CONSTANT_CONVERSION = YES;
				CLANG_WARN_DIRECT_OBJC_ISA_USAGE = YES_ERROR;
				CLANG_WARN_EMPTY_BODY = YES;
				CLANG_WARN_ENUM_CONVERSION = YES;
				CLANG_WARN_INT_CONVERSION = YES;
				CLANG_WARN_OBJC_ROOT_CLASS = YES_ERROR;
				CLANG_WARN_UNREACHABLE_CODE = YES;
				CLANG_WARN__DUPLICATE_METHOD_MATCH = YES;
				"CODE_SIGN_IDENTITY[sdk=iphoneos*]" = "iPhone Developer";
				COPY_PHASE_STRIP = YES;
				CURRENT_PROJECT_VERSION = 1;
				ENABLE_NS_ASSERTIONS = NO;
				ENABLE_STRICT_OBJC_MSGSEND = YES;
				GCC_C_LANGUAGE_STANDARD = gnu99;
				GCC_WARN_64_TO_32_BIT_CONVERSION = YES;
				GCC_WARN_ABOUT_RETURN_TYPE = YES_ERROR;
				GCC_WARN_UNDECLARED_SELECTOR = YES;
				GCC_WARN_UNINITIALIZED_AUTOS = YES_AGGRESSIVE;
				GCC_WARN_UNUSED_FUNCTION = YES;
				GCC_WARN_UNUSED_VARIABLE = YES;
				IPHONEOS_DEPLOYMENT_TARGET = 8.1;
				MTL_ENABLE_DEBUG_INFO = NO;
				SDKROOT = iphoneos;
				TARGETED_DEVICE_FAMILY = "1,2";
				VALIDATE_PRODUCT = YES;
				VERSIONING_SYSTEM = "apple-generic";
				VERSION_INFO_PREFIX = "";
			};
			name = Release;
		};
		BBE78B1C1A170B0A00725475 /* Debug */ = {
			isa = XCBuildConfiguration;
			buildSettings = {
				DEFINES_MODULE = YES;
				DYLIB_COMPATIBILITY_VERSION = 1;
				DYLIB_CURRENT_VERSION = 1;
				DYLIB_INSTALL_NAME_BASE = "@rpath";
				INFOPLIST_FILE = Transcend/Info.plist;
				INSTALL_PATH = "$(LOCAL_LIBRARY_DIR)/Frameworks";
				LD_RUNPATH_SEARCH_PATHS = "$(inherited) @executable_path/Frameworks @loader_path/Frameworks";
				PRODUCT_NAME = "$(TARGET_NAME)";
				SKIP_INSTALL = YES;
			};
			name = Debug;
		};
		BBE78B1D1A170B0A00725475 /* Release */ = {
			isa = XCBuildConfiguration;
			buildSettings = {
				DEFINES_MODULE = YES;
				DYLIB_COMPATIBILITY_VERSION = 1;
				DYLIB_CURRENT_VERSION = 1;
				DYLIB_INSTALL_NAME_BASE = "@rpath";
				INFOPLIST_FILE = Transcend/Info.plist;
				INSTALL_PATH = "$(LOCAL_LIBRARY_DIR)/Frameworks";
				LD_RUNPATH_SEARCH_PATHS = "$(inherited) @executable_path/Frameworks @loader_path/Frameworks";
				PRODUCT_NAME = "$(TARGET_NAME)";
				SKIP_INSTALL = YES;
			};
			name = Release;
		};
		BBE78B1F1A170B0A00725475 /* Debug */ = {
			isa = XCBuildConfiguration;
			buildSettings = {
				FRAMEWORK_SEARCH_PATHS = (
					"$(SDKROOT)/Developer/Library/Frameworks",
					"$(inherited)",
				);
				GCC_PREPROCESSOR_DEFINITIONS = (
					"DEBUG=1",
					"$(inherited)",
				);
				INFOPLIST_FILE = TranscendTests/Info.plist;
				LD_RUNPATH_SEARCH_PATHS = "$(inherited) @executable_path/Frameworks @loader_path/Frameworks";
				PRODUCT_NAME = "$(TARGET_NAME)";
			};
			name = Debug;
		};
		BBE78B201A170B0A00725475 /* Release */ = {
			isa = XCBuildConfiguration;
			buildSettings = {
				FRAMEWORK_SEARCH_PATHS = (
					"$(SDKROOT)/Developer/Library/Frameworks",
					"$(inherited)",
				);
				INFOPLIST_FILE = TranscendTests/Info.plist;
				LD_RUNPATH_SEARCH_PATHS = "$(inherited) @executable_path/Frameworks @loader_path/Frameworks";
				PRODUCT_NAME = "$(TARGET_NAME)";
			};
			name = Release;
		};
/* End XCBuildConfiguration section */

/* Begin XCConfigurationList section */
		BBE78AFF1A170B0A00725475 /* Build configuration list for PBXProject "Transcend" */ = {
			isa = XCConfigurationList;
			buildConfigurations = (
				BBE78B191A170B0A00725475 /* Debug */,
				BBE78B1A1A170B0A00725475 /* Release */,
			);
			defaultConfigurationIsVisible = 0;
			defaultConfigurationName = Release;
		};
		BBE78B1B1A170B0A00725475 /* Build configuration list for PBXNativeTarget "Transcend" */ = {
			isa = XCConfigurationList;
			buildConfigurations = (
				BBE78B1C1A170B0A00725475 /* Debug */,
				BBE78B1D1A170B0A00725475 /* Release */,
			);
			defaultConfigurationIsVisible = 0;
			defaultConfigurationName = Release;
		};
		BBE78B1E1A170B0A00725475 /* Build configuration list for PBXNativeTarget "TranscendTests" */ = {
			isa = XCConfigurationList;
			buildConfigurations = (
				BBE78B1F1A170B0A00725475 /* Debug */,
				BBE78B201A170B0A00725475 /* Release */,
			);
			defaultConfigurationIsVisible = 0;
			defaultConfigurationName = Release;
		};
/* End XCConfigurationList section */
	};
	rootObject = BBE78AFC1A170B0A00725475 /* Project object */;
}
